
Microsoft Visual Studio Solution File, Format Version 12.00
# Visual Studio Version 17
VisualStudioVersion = 17.3.32929.385
MinimumVisualStudioVersion = 10.0.40219.1
Project("{F184B08F-C81C-45F6-A57F-5ABD9991F28F}") = "Traffic Light Simulation", "Traffic Light Simulation\Traffic Light Simulation.vbproj", "{77BCBFD9-B10A-4BF8-B2C7-08D0ABE95E2E}"
EndProject
Global
	GlobalSection(SolutionConfigurationPlatforms) = preSolution
		Debug|Any CPU = Debug|Any CPU
		Release|Any CPU = Release|Any CPU
	EndGlobalSection
	GlobalSection(ProjectConfigurationPlatforms) = postSolution
		{77BCBFD9-B10A-4BF8-B2C7-08D0ABE95E2E}.Debug|Any CPU.ActiveCfg = Debug|Any CPU
		{77BCBFD9-B10A-4BF8-B2C7-08D0ABE95E2E}.Debug|Any CPU.Build.0 = Debug|Any CPU
		{77BCBFD9-B10A-4BF8-B2C7-08D0ABE95E2E}.Release|Any CPU.ActiveCfg = Release|Any CPU
		{77BCBFD9-B10A-4BF8-B2C7-08D0ABE95E2E}.Release|Any CPU.Build.0 = Release|Any CPU
	EndGlobalSection
	GlobalSection(SolutionProperties) = preSolution
		HideSolutionNode = FALSE
	EndGlobalSection
	GlobalSection(ExtensibilityGlobals) = postSolution
		SolutionGuid = {4D91B682-04D1-43AD-BB44-6BF0DB8A2775}
	EndGlobalSection
EndGlobal
